
Microsoft Visual Studio Solution File, Format Version 12.00
# Visual Studio Version 17
VisualStudioVersion = 17.0.31903.59
MinimumVisualStudioVersion = 10.0.40219.1
Project("{FAE04EC0-301F-11D3-BF4B-00C04F79EFBC}") = "Api", "Api\Api.csproj", "{07646E78-24F8-4FD9-9BA9-922D54534C52}"
EndProject
Project("{FAE04EC0-301F-11D3-BF4B-00C04F79EFBC}") = "Application", "Application\Application.csproj", "{C68B2409-6EA0-4FE5-8E6E-F13AC4F853E3}"
EndProject
Project("{FAE04EC0-301F-11D3-BF4B-00C04F79EFBC}") = "Domain", "Domain\Domain.csproj", "{58AB6E47-37F9-4376-9279-E992000BC1E2}"
EndProject
Project("{FAE04EC0-301F-11D3-BF4B-00C04F79EFBC}") = "Infrastructure", "Infrastructure\Infrastructure.csproj", "{8627F941-8662-4F8E-873A-4E245C9B7BCB}"
EndProject
Project("{FAE04EC0-301F-11D3-BF4B-00C04F79EFBC}") = "Sharekernel", "Sharekernel\Sharekernel.csproj", "{2A36C402-61C5-4CBB-A3F0-E5F163121435}"
EndProject
Project("{FAE04EC0-301F-11D3-BF4B-00C04F79EFBC}") = "Application.Tests", "Application.Tests\Application.Tests.csproj", "{65E29B94-76BF-4B23-973D-DCD2F2D3FCB2}"
EndProject
Global
	GlobalSection(SolutionConfigurationPlatforms) = preSolution
		Debug|Any CPU = Debug|Any CPU
		Debug|x64 = Debug|x64
		Debug|x86 = Debug|x86
		Release|Any CPU = Release|Any CPU
		Release|x64 = Release|x64
		Release|x86 = Release|x86
	EndGlobalSection
	GlobalSection(ProjectConfigurationPlatforms) = postSolution
		{07646E78-24F8-4FD9-9BA9-922D54534C52}.Debug|Any CPU.ActiveCfg = Debug|Any CPU
		{07646E78-24F8-4FD9-9BA9-922D54534C52}.Debug|Any CPU.Build.0 = Debug|Any CPU
		{07646E78-24F8-4FD9-9BA9-922D54534C52}.Debug|x64.ActiveCfg = Debug|Any CPU
		{07646E78-24F8-4FD9-9BA9-922D54534C52}.Debug|x64.Build.0 = Debug|Any CPU
		{07646E78-24F8-4FD9-9BA9-922D54534C52}.Debug|x86.ActiveCfg = Debug|Any CPU
		{07646E78-24F8-4FD9-9BA9-922D54534C52}.Debug|x86.Build.0 = Debug|Any CPU
		{07646E78-24F8-4FD9-9BA9-922D54534C52}.Release|Any CPU.ActiveCfg = Release|Any CPU
		{07646E78-24F8-4FD9-9BA9-922D54534C52}.Release|Any CPU.Build.0 = Release|Any CPU
		{07646E78-24F8-4FD9-9BA9-922D54534C52}.Release|x64.ActiveCfg = Release|Any CPU
		{07646E78-24F8-4FD9-9BA9-922D54534C52}.Release|x64.Build.0 = Release|Any CPU
		{07646E78-24F8-4FD9-9BA9-922D54534C52}.Release|x86.ActiveCfg = Release|Any CPU
		{07646E78-24F8-4FD9-9BA9-922D54534C52}.Release|x86.Build.0 = Release|Any CPU
		{C68B2409-6EA0-4FE5-8E6E-F13AC4F853E3}.Debug|Any CPU.ActiveCfg = Debug|Any CPU
		{C68B2409-6EA0-4FE5-8E6E-F13AC4F853E3}.Debug|Any CPU.Build.0 = Debug|Any CPU
		{C68B2409-6EA0-4FE5-8E6E-F13AC4F853E3}.Debug|x64.ActiveCfg = Debug|Any CPU
		{C68B2409-6EA0-4FE5-8E6E-F13AC4F853E3}.Debug|x64.Build.0 = Debug|Any CPU
		{C68B2409-6EA0-4FE5-8E6E-F13AC4F853E3}.Debug|x86.ActiveCfg = Debug|Any CPU
		{C68B2409-6EA0-4FE5-8E6E-F13AC4F853E3}.Debug|x86.Build.0 = Debug|Any CPU
		{C68B2409-6EA0-4FE5-8E6E-F13AC4F853E3}.Release|Any CPU.ActiveCfg = Release|Any CPU
		{C68B2409-6EA0-4FE5-8E6E-F13AC4F853E3}.Release|Any CPU.Build.0 = Release|Any CPU
		{C68B2409-6EA0-4FE5-8E6E-F13AC4F853E3}.Release|x64.ActiveCfg = Release|Any CPU
		{C68B2409-6EA0-4FE5-8E6E-F13AC4F853E3}.Release|x64.Build.0 = Release|Any CPU
		{C68B2409-6EA0-4FE5-8E6E-F13AC4F853E3}.Release|x86.ActiveCfg = Release|Any CPU
		{C68B2409-6EA0-4FE5-8E6E-F13AC4F853E3}.Release|x86.Build.0 = Release|Any CPU
		{58AB6E47-37F9-4376-9279-E992000BC1E2}.Debug|Any CPU.ActiveCfg = Debug|Any CPU
		{58AB6E47-37F9-4376-9279-E992000BC1E2}.Debug|Any CPU.Build.0 = Debug|Any CPU
		{58AB6E47-37F9-4376-9279-E992000BC1E2}.Debug|x64.ActiveCfg = Debug|Any CPU
		{58AB6E47-37F9-4376-9279-E992000BC1E2}.Debug|x64.Build.0 = Debug|Any CPU
		{58AB6E47-37F9-4376-9279-E992000BC1E2}.Debug|x86.ActiveCfg = Debug|Any CPU
		{58AB6E47-37F9-4376-9279-E992000BC1E2}.Debug|x86.Build.0 = Debug|Any CPU
		{58AB6E47-37F9-4376-9279-E992000BC1E2}.Release|Any CPU.ActiveCfg = Release|Any CPU
		{58AB6E47-37F9-4376-9279-E992000BC1E2}.Release|Any CPU.Build.0 = Release|Any CPU
		{58AB6E47-37F9-4376-9279-E992000BC1E2}.Release|x64.ActiveCfg = Release|Any CPU
		{58AB6E47-37F9-4376-9279-E992000BC1E2}.Release|x64.Build.0 = Release|Any CPU
		{58AB6E47-37F9-4376-9279-E992000BC1E2}.Release|x86.ActiveCfg = Release|Any CPU
		{58AB6E47-37F9-4376-9279-E992000BC1E2}.Release|x86.Build.0 = Release|Any CPU
		{8627F941-8662-4F8E-873A-4E245C9B7BCB}.Debug|Any CPU.ActiveCfg = Debug|Any CPU
		{8627F941-8662-4F8E-873A-4E245C9B7BCB}.Debug|Any CPU.Build.0 = Debug|Any CPU
		{8627F941-8662-4F8E-873A-4E245C9B7BCB}.Debug|x64.ActiveCfg = Debug|Any CPU
		{8627F941-8662-4F8E-873A-4E245C9B7BCB}.Debug|x64.Build.0 = Debug|Any CPU
		{8627F941-8662-4F8E-873A-4E245C9B7BCB}.Debug|x86.ActiveCfg = Debug|Any CPU
		{8627F941-8662-4F8E-873A-4E245C9B7BCB}.Debug|x86.Build.0 = Debug|Any CPU
		{8627F941-8662-4F8E-873A-4E245C9B7BCB}.Release|Any CPU.ActiveCfg = Release|Any CPU
		{8627F941-8662-4F8E-873A-4E245C9B7BCB}.Release|Any CPU.Build.0 = Release|Any CPU
		{8627F941-8662-4F8E-873A-4E245C9B7BCB}.Release|x64.ActiveCfg = Release|Any CPU
		{8627F941-8662-4F8E-873A-4E245C9B7BCB}.Release|x64.Build.0 = Release|Any CPU
		{8627F941-8662-4F8E-873A-4E245C9B7BCB}.Release|x86.ActiveCfg = Release|Any CPU
		{8627F941-8662-4F8E-873A-4E245C9B7BCB}.Release|x86.Build.0 = Release|Any CPU
		{2A36C402-61C5-4CBB-A3F0-E5F163121435}.Debug|Any CPU.ActiveCfg = Debug|Any CPU
		{2A36C402-61C5-4CBB-A3F0-E5F163121435}.Debug|Any CPU.Build.0 = Debug|Any CPU
		{2A36C402-61C5-4CBB-A3F0-E5F163121435}.Debug|x64.ActiveCfg = Debug|Any CPU
		{2A36C402-61C5-4CBB-A3F0-E5F163121435}.Debug|x64.Build.0 = Debug|Any CPU
		{2A36C402-61C5-4CBB-A3F0-E5F163121435}.Debug|x86.ActiveCfg = Debug|Any CPU
		{2A36C402-61C5-4CBB-A3F0-E5F163121435}.Debug|x86.Build.0 = Debug|Any CPU
		{2A36C402-61C5-4CBB-A3F0-E5F163121435}.Release|Any CPU.ActiveCfg = Release|Any CPU
		{2A36C402-61C5-4CBB-A3F0-E5F163121435}.Release|Any CPU.Build.0 = Release|Any CPU
		{2A36C402-61C5-4CBB-A3F0-E5F163121435}.Release|x64.ActiveCfg = Release|Any CPU
		{2A36C402-61C5-4CBB-A3F0-E5F163121435}.Release|x64.Build.0 = Release|Any CPU
		{2A36C402-61C5-4CBB-A3F0-E5F163121435}.Release|x86.ActiveCfg = Release|Any CPU
		{2A36C402-61C5-4CBB-A3F0-E5F163121435}.Release|x86.Build.0 = Release|Any CPU
		{65E29B94-76BF-4B23-973D-DCD2F2D3FCB2}.Debug|Any CPU.ActiveCfg = Debug|Any CPU
		{65E29B94-76BF-4B23-973D-DCD2F2D3FCB2}.Debug|Any CPU.Build.0 = Debug|Any CPU
		{65E29B94-76BF-4B23-973D-DCD2F2D3FCB2}.Debug|x64.ActiveCfg = Debug|Any CPU
		{65E29B94-76BF-4B23-973D-DCD2F2D3FCB2}.Debug|x64.Build.0 = Debug|Any CPU
		{65E29B94-76BF-4B23-973D-DCD2F2D3FCB2}.Debug|x86.ActiveCfg = Debug|Any CPU
		{65E29B94-76BF-4B23-973D-DCD2F2D3FCB2}.Debug|x86.Build.0 = Debug|Any CPU
		{65E29B94-76BF-4B23-973D-DCD2F2D3FCB2}.Release|Any CPU.ActiveCfg = Release|Any CPU
		{65E29B94-76BF-4B23-973D-DCD2F2D3FCB2}.Release|Any CPU.Build.0 = Release|Any CPU
		{65E29B94-76BF-4B23-973D-DCD2F2D3FCB2}.Release|x64.ActiveCfg = Release|Any CPU
		{65E29B94-76BF-4B23-973D-DCD2F2D3FCB2}.Release|x64.Build.0 = Release|Any CPU
		{65E29B94-76BF-4B23-973D-DCD2F2D3FCB2}.Release|x86.ActiveCfg = Release|Any CPU
		{65E29B94-76BF-4B23-973D-DCD2F2D3FCB2}.Release|x86.Build.0 = Release|Any CPU
	EndGlobalSection
	GlobalSection(SolutionProperties) = preSolution
		HideSolutionNode = FALSE
	EndGlobalSection
EndGlobal
